
Microsoft Visual Studio Solution File, Format Version 12.00
Project("{FAE04EC0-301F-11D3-BF4B-00C04F79EFBC}") = "CSharpLearning", "CSharpLearning.csproj", "{52E6B27A-5F30-4B8D-B434-8911FD1AFE2E}"
EndProject
Global
	GlobalSection(SolutionConfigurationPlatforms) = preSolution
		Debug|Any CPU = Debug|Any CPU
		Release|Any CPU = Release|Any CPU
	EndGlobalSection
	GlobalSection(ProjectConfigurationPlatforms) = postSolution
		{52E6B27A-5F30-4B8D-B434-8911FD1AFE2E}.Debug|Any CPU.ActiveCfg = Debug|Any CPU
		{52E6B27A-5F30-4B8D-B434-8911FD1AFE2E}.Debug|Any CPU.Build.0 = Debug|Any CPU
		{52E6B27A-5F30-4B8D-B434-8911FD1AFE2E}.Release|Any CPU.ActiveCfg = Release|Any CPU
		{52E6B27A-5F30-4B8D-B434-8911FD1AFE2E}.Release|Any CPU.Build.0 = Release|Any CPU
	EndGlobalSection
EndGlobal
